
Microsoft Visual Studio Solution File, Format Version 12.00
# Visual Studio Version 17
VisualStudioVersion = 17.5.33516.290
MinimumVisualStudioVersion = 10.0.40219.1
Project("{FAE04EC0-301F-11D3-BF4B-00C04F79EFBC}") = "Vetor04", "Vetor04\Vetor04.csproj", "{331E1948-526D-4C7D-AA6E-B26B81EF6EDF}"
EndProject
Global
	GlobalSection(SolutionConfigurationPlatforms) = preSolution
		Debug|Any CPU = Debug|Any CPU
		Release|Any CPU = Release|Any CPU
	EndGlobalSection
	GlobalSection(ProjectConfigurationPlatforms) = postSolution
		{331E1948-526D-4C7D-AA6E-B26B81EF6EDF}.Debug|Any CPU.ActiveCfg = Debug|Any CPU
		{331E1948-526D-4C7D-AA6E-B26B81EF6EDF}.Debug|Any CPU.Build.0 = Debug|Any CPU
		{331E1948-526D-4C7D-AA6E-B26B81EF6EDF}.Release|Any CPU.ActiveCfg = Release|Any CPU
		{331E1948-526D-4C7D-AA6E-B26B81EF6EDF}.Release|Any CPU.Build.0 = Release|Any CPU
	EndGlobalSection
	GlobalSection(SolutionProperties) = preSolution
		HideSolutionNode = FALSE
	EndGlobalSection
	GlobalSection(ExtensibilityGlobals) = postSolution
		SolutionGuid = {66F2B6E0-AEFB-457F-8BBE-2B48850F4215}
	EndGlobalSection
EndGlobal
